Microsoft Visual Studio Solution File, Format Version 12.00
# Visual Studio Version 17
VisualStudioVersion = 17.5.2.0
MinimumVisualStudioVersion = 10.0.40219.1
Project("{FAE04EC0-301F-11D3-BF4B-00C04F79EFBC}") = "NetflixStyleAppServer", "NetflixStyleAppServer.csproj", "{FEF1C84D-5DC8-C066-0BC9-6055B1693586}"
EndProject
Global
	GlobalSection(SolutionConfigurationPlatforms) = preSolution
		Debug|Any CPU = Debug|Any CPU
		Release|Any CPU = Release|Any CPU
	EndGlobalSection
	GlobalSection(ProjectConfigurationPlatforms) = postSolution
		{FEF1C84D-5DC8-C066-0BC9-6055B1693586}.Debug|Any CPU.ActiveCfg = Debug|Any CPU
		{FEF1C84D-5DC8-C066-0BC9-6055B1693586}.Debug|Any CPU.Build.0 = Debug|Any CPU
		{FEF1C84D-5DC8-C066-0BC9-6055B1693586}.Release|Any CPU.ActiveCfg = Release|Any CPU
		{FEF1C84D-5DC8-C066-0BC9-6055B1693586}.Release|Any CPU.Build.0 = Release|Any CPU
	EndGlobalSection
	GlobalSection(SolutionProperties) = preSolution
		HideSolutionNode = FALSE
	EndGlobalSection
	GlobalSection(ExtensibilityGlobals) = postSolution
		SolutionGuid = {4479C7A2-C9EF-45E8-BB5C-039D14ACDE3F}
	EndGlobalSection
EndGlobal
